// !$*UTF8*$!
{
	archiveVersion = 1;
	classes = {
	};
	objectVersion = 50;
	objects = {

/* Begin PBXBuildFile section */
		D4048CBE251B22AF00573B51 /* Home.swift in Sources */ = {isa = PBXBuildFile; fileRef = D4048CBD251B22AF00573B51 /* Home.swift */; };
		D4048CC2251B2EF300573B51 /* CategoryRow.swift in Sources */ = {isa = PBXBuildFile; fileRef = D4048CC1251B2EF300573B51 /* CategoryRow.swift */; };
		D420A005250106040083616B /* UserData.swift in Sources */ = {isa = PBXBuildFile; fileRef = D420A004250106040083616B /* UserData.swift */; };
		D423B70C2513711F00371097 /* hikeData.json in Resources */ = {isa = PBXBuildFile; fileRef = D423B70B2513711F00371097 /* hikeData.json */; };
		D423B70F251371F300371097 /* GraphCapsule.swift in Sources */ = {isa = PBXBuildFile; fileRef = D423B70E251371F300371097 /* GraphCapsule.swift */; };
		D423B7112513720C00371097 /* Hike.swift in Sources */ = {isa = PBXBuildFile; fileRef = D423B7102513720C00371097 /* Hike.swift */; };
		D423B7132513722000371097 /* HikeGraph.swift in Sources */ = {isa = PBXBuildFile; fileRef = D423B7122513722000371097 /* HikeGraph.swift */; };
		D423B7152513723300371097 /* HikeDetail.swift in Sources */ = {isa = PBXBuildFile; fileRef = D423B7142513723300371097 /* HikeDetail.swift */; };
		D423B7172513724100371097 /* HikeView.swift in Sources */ = {isa = PBXBuildFile; fileRef = D423B7162513724100371097 /* HikeView.swift */; };
		D48E0872250A324600FDAA39 /* HexagonParameters.swift in Sources */ = {isa = PBXBuildFile; fileRef = D48E0871250A324600FDAA39 /* HexagonParameters.swift */; };
		D49A79B124F8E0DA0021213B /* AppDelegate.swift in Sources */ = {isa = PBXBuildFile; fileRef = D49A79B024F8E0DA0021213B /* AppDelegate.swift */; };
		D49A79B324F8E0DA0021213B /* SceneDelegate.swift in Sources */ = {isa = PBXBuildFile; fileRef = D49A79B224F8E0DA0021213B /* SceneDelegate.swift */; };
		D49A79B524F8E0DA0021213B /* LandmarkDetail.swift in Sources */ = {isa = PBXBuildFile; fileRef = D49A79B424F8E0DA0021213B /* LandmarkDetail.swift */; };
		D49A79B724F8E0DB0021213B /* Assets.xcassets in Resources */ = {isa = PBXBuildFile; fileRef = D49A79B624F8E0DB0021213B /* Assets.xcassets */; };
		D49A79BA24F8E0DB0021213B /* Preview Assets.xcassets in Resources */ = {isa = PBXBuildFile; fileRef = D49A79B924F8E0DB0021213B /* Preview Assets.xcassets */; };
		D49A79BD24F8E0DB0021213B /* LaunchScreen.storyboard in Resources */ = {isa = PBXBuildFile; fileRef = D49A79BB24F8E0DB0021213B /* LaunchScreen.storyboard */; };
		D4D1BD5F24F8F45900599256 /* Data.swift in Sources */ = {isa = PBXBuildFile; fileRef = D4D1BD5D24F8F45900599256 /* Data.swift */; };
		D4D1BD6024F8F45900599256 /* Landmark.swift in Sources */ = {isa = PBXBuildFile; fileRef = D4D1BD5E24F8F45900599256 /* Landmark.swift */; };
		D4D1BD6524F8F8CE00599256 /* LandmarkList.swift in Sources */ = {isa = PBXBuildFile; fileRef = D4D1BD6424F8F8CE00599256 /* LandmarkList.swift */; };
		D4D1BD6B24F8FFE900599256 /* LandmarkRow.swift in Sources */ = {isa = PBXBuildFile; fileRef = D4D1BD6824F8FFE900599256 /* LandmarkRow.swift */; };
		D4D1BD6C24F8FFE900599256 /* CircleImage.swift in Sources */ = {isa = PBXBuildFile; fileRef = D4D1BD6924F8FFE900599256 /* CircleImage.swift */; };
		D4D1BD6D24F8FFE900599256 /* MapView.swift in Sources */ = {isa = PBXBuildFile; fileRef = D4D1BD6A24F8FFE900599256 /* MapView.swift */; };
		D4D3DA23250A3B300095E7E4 /* BadgeBackground.swift in Sources */ = {isa = PBXBuildFile; fileRef = D4D3DA22250A3B300095E7E4 /* BadgeBackground.swift */; };
		D4D3DA25250A3BED0095E7E4 /* Badge.swift in Sources */ = {isa = PBXBuildFile; fileRef = D4D3DA24250A3BED0095E7E4 /* Badge.swift */; };
		D4D3DA27250A3C160095E7E4 /* BadgeSymbol.swift in Sources */ = {isa = PBXBuildFile; fileRef = D4D3DA26250A3C160095E7E4 /* BadgeSymbol.swift */; };
		D4D3DA29250A3D8D0095E7E4 /* RotatedBadgeSymbol.swift in Sources */ = {isa = PBXBuildFile; fileRef = D4D3DA28250A3D8D0095E7E4 /* RotatedBadgeSymbol.swift */; };
		D4E7F21C2500FC0D00BADFB2 /* charleyrivers.jpg in Resources */ = {isa = PBXBuildFile; fileRef = D4E7F20F2500FC0D00BADFB2 /* charleyrivers.jpg */; };
		D4E7F21D2500FC0D00BADFB2 /* turtlerock.jpg in Resources */ = {isa = PBXBuildFile; fileRef = D4E7F2102500FC0D00BADFB2 /* turtlerock.jpg */; };
		D4E7F21E2500FC0D00BADFB2 /* silversalmoncreek.jpg in Resources */ = {isa = PBXBuildFile; fileRef = D4E7F2112500FC0D00BADFB2 /* silversalmoncreek.jpg */; };
		D4E7F21F2500FC0D00BADFB2 /* icybay.jpg in Resources */ = {isa = PBXBuildFile; fileRef = D4E7F2122500FC0D00BADFB2 /* icybay.jpg */; };
		D4E7F2202500FC0D00BADFB2 /* lakemcdonald.jpg in Resources */ = {isa = PBXBuildFile; fileRef = D4E7F2132500FC0D00BADFB2 /* lakemcdonald.jpg */; };
		D4E7F2212500FC0D00BADFB2 /* hiddenlake.jpg in Resources */ = {isa = PBXBuildFile; fileRef = D4E7F2142500FC0D00BADFB2 /* hiddenlake.jpg */; };
		D4E7F2222500FC0D00BADFB2 /* twinlake.jpg in Resources */ = {isa = PBXBuildFile; fileRef = D4E7F2152500FC0D00BADFB2 /* twinlake.jpg */; };
		D4E7F2232500FC0D00BADFB2 /* umbagog.jpg in Resources */ = {isa = PBXBuildFile; fileRef = D4E7F2162500FC0D00BADFB2 /* umbagog.jpg */; };
		D4E7F2242500FC0D00BADFB2 /* landmarkData.json in Resources */ = {isa = PBXBuildFile; fileRef = D4E7F2172500FC0D00BADFB2 /* landmarkData.json */; };
		D4E7F2252500FC0D00BADFB2 /* chincoteague.jpg in Resources */ = {isa = PBXBuildFile; fileRef = D4E7F2182500FC0D00BADFB2 /* chincoteague.jpg */; };
		D4E7F2262500FC0D00BADFB2 /* stmarylake.jpg in Resources */ = {isa = PBXBuildFile; fileRef = D4E7F2192500FC0D00BADFB2 /* stmarylake.jpg */; };
		D4E7F2272500FC0D00BADFB2 /* chilkoottrail.jpg in Resources */ = {isa = PBXBuildFile; fileRef = D4E7F21A2500FC0D00BADFB2 /* chilkoottrail.jpg */; };
		D4E7F2282500FC0D00BADFB2 /* rainbowlake.jpg in Resources */ = {isa = PBXBuildFile; fileRef = D4E7F21B2500FC0D00BADFB2 /* rainbowlake.jpg */; };
/* End PBXBuildFile section */

/* Begin PBXFileReference section */
		D4048CBD251B22AF00573B51 /* Home.swift */ = {isa = PBXFileReference; lastKnownFileType = sourcecode.swift; path = Home.swift; sourceTree = "<group>"; };
		D4048CC1251B2EF300573B51 /* CategoryRow.swift */ = {isa = PBXFileReference; lastKnownFileType = sourcecode.swift; path = CategoryRow.swift; sourceTree = "<group>"; };
		D420A004250106040083616B /* UserData.swift */ = {isa = PBXFileReference; fileEncoding = 4; lastKnownFileType = sourcecode.swift; path = UserData.swift; sourceTree = "<group>"; };
		D423B70B2513711F00371097 /* hikeData.json */ = {isa = PBXFileReference; fileEncoding = 4; lastKnownFileType = text.json; path = hikeData.json; sourceTree = "<group>"; };
		D423B70E251371F300371097 /* GraphCapsule.swift */ = {isa = PBXFileReference; lastKnownFileType = sourcecode.swift; path = GraphCapsule.swift; sourceTree = "<group>"; };
		D423B7102513720C00371097 /* Hike.swift */ = {isa = PBXFileReference; lastKnownFileType = sourcecode.swift; path = Hike.swift; sourceTree = "<group>"; };
		D423B7122513722000371097 /* HikeGraph.swift */ = {isa = PBXFileReference; lastKnownFileType = sourcecode.swift; path = HikeGraph.swift; sourceTree = "<group>"; };
		D423B7142513723300371097 /* HikeDetail.swift */ = {isa = PBXFileReference; lastKnownFileType = sourcecode.swift; path = HikeDetail.swift; sourceTree = "<group>"; };
		D423B7162513724100371097 /* HikeView.swift */ = {isa = PBXFileReference; lastKnownFileType = sourcecode.swift; path = HikeView.swift; sourceTree = "<group>"; };
		D48E0871250A324600FDAA39 /* HexagonParameters.swift */ = {isa = PBXFileReference; lastKnownFileType = sourcecode.swift; path = HexagonParameters.swift; sourceTree = "<group>"; };
		D49A79AD24F8E0DA0021213B /* Landmarks.app */ = {isa = PBXFileReference; explicitFileType = wrapper.application; includeInIndex = 0; path = Landmarks.app; sourceTree = BUILT_PRODUCTS_DIR; };
		D49A79B024F8E0DA0021213B /* AppDelegate.swift */ = {isa = PBXFileReference; lastKnownFileType = sourcecode.swift; path = AppDelegate.swift; sourceTree = "<group>"; };
		D49A79B224F8E0DA0021213B /* SceneDelegate.swift */ = {isa = PBXFileReference; lastKnownFileType = sourcecode.swift; path = SceneDelegate.swift; sourceTree = "<group>"; };
		D49A79B424F8E0DA0021213B /* LandmarkDetail.swift */ = {isa = PBXFileReference; lastKnownFileType = sourcecode.swift; path = LandmarkDetail.swift; sourceTree = "<group>"; };
		D49A79B624F8E0DB0021213B /* Assets.xcassets */ = {isa = PBXFileReference; lastKnownFileType = folder.assetcatalog; path = Assets.xcassets; sourceTree = "<group>"; };
		D49A79B924F8E0DB0021213B /* Preview Assets.xcassets */ = {isa = PBXFileReference; lastKnownFileType = folder.assetcatalog; path = "Preview Assets.xcassets"; sourceTree = "<group>"; };
		D49A79BC24F8E0DB0021213B /* Base */ = {isa = PBXFileReference; lastKnownFileType = file.storyboard; name = Base; path = Base.lproj/LaunchScreen.storyboard; sourceTree = "<group>"; };
		D49A79BE24F8E0DB0021213B /* Info.plist */ = {isa = PBXFileReference; lastKnownFileType = text.plist.xml; path = Info.plist; sourceTree = "<group>"; };
		D4D1BD5D24F8F45900599256 /* Data.swift */ = {isa = PBXFileReference; fileEncoding = 4; lastKnownFileType = sourcecode.swift; path = Data.swift; sourceTree = "<group>"; };
		D4D1BD5E24F8F45900599256 /* Landmark.swift */ = {isa = PBXFileReference; fileEncoding = 4; lastKnownFileType = sourcecode.swift; path = Landmark.swift; sourceTree = "<group>"; };
		D4D1BD6424F8F8CE00599256 /* LandmarkList.swift */ = {isa = PBXFileReference; lastKnownFileType = sourcecode.swift; path = LandmarkList.swift; sourceTree = "<group>"; };
		D4D1BD6824F8FFE900599256 /* LandmarkRow.swift */ = {isa = PBXFileReference; fileEncoding = 4; lastKnownFileType = sourcecode.swift; path = LandmarkRow.swift; sourceTree = "<group>"; };
		D4D1BD6924F8FFE900599256 /* CircleImage.swift */ = {isa = PBXFileReference; fileEncoding = 4; lastKnownFileType = sourcecode.swift; path = CircleImage.swift; sourceTree = "<group>"; };
		D4D1BD6A24F8FFE900599256 /* MapView.swift */ = {isa = PBXFileReference; fileEncoding = 4; lastKnownFileType = sourcecode.swift; path = MapView.swift; sourceTree = "<group>"; };
		D4D3DA22250A3B300095E7E4 /* BadgeBackground.swift */ = {isa = PBXFileReference; lastKnownFileType = sourcecode.swift; path = BadgeBackground.swift; sourceTree = "<group>"; };
		D4D3DA24250A3BED0095E7E4 /* Badge.swift */ = {isa = PBXFileReference; lastKnownFileType = sourcecode.swift; path = Badge.swift; sourceTree = "<group>"; };
		D4D3DA26250A3C160095E7E4 /* BadgeSymbol.swift */ = {isa = PBXFileReference; lastKnownFileType = sourcecode.swift; path = BadgeSymbol.swift; sourceTree = "<group>"; };
		D4D3DA28250A3D8D0095E7E4 /* RotatedBadgeSymbol.swift */ = {isa = PBXFileReference; lastKnownFileType = sourcecode.swift; path = RotatedBadgeSymbol.swift; sourceTree = "<group>"; };
		D4E7F20F2500FC0D00BADFB2 /* charleyrivers.jpg */ = {isa = PBXFileReference; lastKnownFileType = image.jpeg; path = charleyrivers.jpg; sourceTree = "<group>"; };
		D4E7F2102500FC0D00BADFB2 /* turtlerock.jpg */ = {isa = PBXFileReference; lastKnownFileType = image.jpeg; path = turtlerock.jpg; sourceTree = "<group>"; };
		D4E7F2112500FC0D00BADFB2 /* silversalmoncreek.jpg */ = {isa = PBXFileReference; lastKnownFileType = image.jpeg; path = silversalmoncreek.jpg; sourceTree = "<group>"; };
		D4E7F2122500FC0D00BADFB2 /* icybay.jpg */ = {isa = PBXFileReference; lastKnownFileType = image.jpeg; path = icybay.jpg; sourceTree = "<group>"; };
		D4E7F2132500FC0D00BADFB2 /* lakemcdonald.jpg */ = {isa = PBXFileReference; lastKnownFileType = image.jpeg; path = lakemcdonald.jpg; sourceTree = "<group>"; };
		D4E7F2142500FC0D00BADFB2 /* hiddenlake.jpg */ = {isa = PBXFileReference; lastKnownFileType = image.jpeg; path = hiddenlake.jpg; sourceTree = "<group>"; };
		D4E7F2152500FC0D00BADFB2 /* twinlake.jpg */ = {isa = PBXFileReference; lastKnownFileType = image.jpeg; path = twinlake.jpg; sourceTree = "<group>"; };
		D4E7F2162500FC0D00BADFB2 /* umbagog.jpg */ = {isa = PBXFileReference; lastKnownFileType = image.jpeg; path = umbagog.jpg; sourceTree = "<group>"; };
		D4E7F2172500FC0D00BADFB2 /* landmarkData.json */ = {isa = PBXFileReference; fileEncoding = 4; lastKnownFileType = text.json; path = landmarkData.json; sourceTree = "<group>"; };
		D4E7F2182500FC0D00BADFB2 /* chincoteague.jpg */ = {isa = PBXFileReference; lastKnownFileType = image.jpeg; path = chincoteague.jpg; sourceTree = "<group>"; };
		D4E7F2192500FC0D00BADFB2 /* stmarylake.jpg */ = {isa = PBXFileReference; lastKnownFileType = image.jpeg; path = stmarylake.jpg; sourceTree = "<group>"; };
		D4E7F21A2500FC0D00BADFB2 /* chilkoottrail.jpg */ = {isa = PBXFileReference; lastKnownFileType = image.jpeg; path = chilkoottrail.jpg; sourceTree = "<group>"; };
		D4E7F21B2500FC0D00BADFB2 /* rainbowlake.jpg */ = {isa = PBXFileReference; lastKnownFileType = image.jpeg; path = rainbowlake.jpg; sourceTree = "<group>"; };
/* End PBXFileReference section */

/* Begin PBXFrameworksBuildPhase section */
		D49A79AA24F8E0DA0021213B /* Frameworks */ = {
			isa = PBXFrameworksBuildPhase;
			buildActionMask = 2147483647;
			files = (
			);
			runOnlyForDeploymentPostprocessing = 0;
		};
/* End PBXFrameworksBuildPhase section */

/* Begin PBXGroup section */
		D4048CB3251B1FD200573B51 /* Animation */ = {
			isa = PBXGroup;
			children = (
				D423B70E251371F300371097 /* GraphCapsule.swift */,
				D423B7102513720C00371097 /* Hike.swift */,
				D423B7122513722000371097 /* HikeGraph.swift */,
				D423B7142513723300371097 /* HikeDetail.swift */,
				D423B7162513724100371097 /* HikeView.swift */,
			);
			path = Animation;
			sourceTree = "<group>";
		};
		D423B70D251371DF00371097 /* Badge */ = {
			isa = PBXGroup;
			children = (
				D4D3DA22250A3B300095E7E4 /* BadgeBackground.swift */,
				D4D3DA24250A3BED0095E7E4 /* Badge.swift */,
				D48E0871250A324600FDAA39 /* HexagonParameters.swift */,
				D4D3DA26250A3C160095E7E4 /* BadgeSymbol.swift */,
				D4D3DA28250A3D8D0095E7E4 /* RotatedBadgeSymbol.swift */,
			);
			path = Badge;
			sourceTree = "<group>";
		};
		D49A79A424F8E0DA0021213B = {
			isa = PBXGroup;
			children = (
				D49A79AF24F8E0DA0021213B /* Landmarks */,
				D49A79AE24F8E0DA0021213B /* Products */,
			);
			sourceTree = "<group>";
		};
		D49A79AE24F8E0DA0021213B /* Products */ = {
			isa = PBXGroup;
			children = (
				D49A79AD24F8E0DA0021213B /* Landmarks.app */,
			);
			name = Products;
			sourceTree = "<group>";
		};
		D49A79AF24F8E0DA0021213B /* Landmarks */ = {
			isa = PBXGroup;
			children = (
				D49A79B024F8E0DA0021213B /* AppDelegate.swift */,
				D49A79B224F8E0DA0021213B /* SceneDelegate.swift */,
				D49A79B424F8E0DA0021213B /* LandmarkDetail.swift */,
				D4D1BD6424F8F8CE00599256 /* LandmarkList.swift */,
				D4048CBD251B22AF00573B51 /* Home.swift */,
				D4048CC1251B2EF300573B51 /* CategoryRow.swift */,
				D4D1BD6124F8F4E600599256 /* Supporting Views */,
				D4E7F20E2500FC0D00BADFB2 /* Resources */,
				D4D1BD5C24F8F45900599256 /* Models */,
				D4048CB3251B1FD200573B51 /* Animation */,
				D423B70D251371DF00371097 /* Badge */,
				D49A79B624F8E0DB0021213B /* Assets.xcassets */,
				D49A79BB24F8E0DB0021213B /* LaunchScreen.storyboard */,
				D49A79BE24F8E0DB0021213B /* Info.plist */,
				D49A79B824F8E0DB0021213B /* Preview Content */,
			);
			path = Landmarks;
			sourceTree = "<group>";
		};
		D49A79B824F8E0DB0021213B /* Preview Content */ = {
			isa = PBXGroup;
			children = (
				D49A79B924F8E0DB0021213B /* Preview Assets.xcassets */,
			);
			path = "Preview Content";
			sourceTree = "<group>";
		};
		D4D1BD5C24F8F45900599256 /* Models */ = {
			isa = PBXGroup;
			children = (
				D4D1BD5D24F8F45900599256 /* Data.swift */,
				D4D1BD5E24F8F45900599256 /* Landmark.swift */,
				D420A004250106040083616B /* UserData.swift */,
			);
			path = Models;
			sourceTree = "<group>";
		};
		D4D1BD6124F8F4E600599256 /* Supporting Views */ = {
			isa = PBXGroup;
			children = (
				D4D1BD6924F8FFE900599256 /* CircleImage.swift */,
				D4D1BD6824F8FFE900599256 /* LandmarkRow.swift */,
				D4D1BD6A24F8FFE900599256 /* MapView.swift */,
			);
			path = "Supporting Views";
			sourceTree = "<group>";
		};
		D4E7F20E2500FC0D00BADFB2 /* Resources */ = {
			isa = PBXGroup;
			children = (
				D4E7F20F2500FC0D00BADFB2 /* charleyrivers.jpg */,
				D4E7F2102500FC0D00BADFB2 /* turtlerock.jpg */,
				D4E7F2112500FC0D00BADFB2 /* silversalmoncreek.jpg */,
				D4E7F2122500FC0D00BADFB2 /* icybay.jpg */,
				D4E7F2132500FC0D00BADFB2 /* lakemcdonald.jpg */,
				D4E7F2142500FC0D00BADFB2 /* hiddenlake.jpg */,
				D4E7F2152500FC0D00BADFB2 /* twinlake.jpg */,
				D4E7F2162500FC0D00BADFB2 /* umbagog.jpg */,
				D423B70B2513711F00371097 /* hikeData.json */,
				D4E7F2172500FC0D00BADFB2 /* landmarkData.json */,
				D4E7F2182500FC0D00BADFB2 /* chincoteague.jpg */,
				D4E7F2192500FC0D00BADFB2 /* stmarylake.jpg */,
				D4E7F21A2500FC0D00BADFB2 /* chilkoottrail.jpg */,
				D4E7F21B2500FC0D00BADFB2 /* rainbowlake.jpg */,
			);
			path = Resources;
			sourceTree = "<group>";
		};
/* End PBXGroup section */

/* Begin PBXNativeTarget section */
		D49A79AC24F8E0DA0021213B /* Landmarks */ = {
			isa = PBXNativeTarget;
			buildConfigurationList = D49A79C124F8E0DB0021213B /* Build configuration list for PBXNativeTarget "Landmarks" */;
			buildPhases = (
				D49A79A924F8E0DA0021213B /* Sources */,
				D49A79AA24F8E0DA0021213B /* Frameworks */,
				D49A79AB24F8E0DA0021213B /* Resources */,
			);
			buildRules = (
			);
			dependencies = (
			);
			name = Landmarks;
			productName = Landmarks;
			productReference = D49A79AD24F8E0DA0021213B /* Landmarks.app */;
			productType = "com.apple.product-type.application";
		};
/* End PBXNativeTarget section */

/* Begin PBXProject section */
		D49A79A524F8E0DA0021213B /* Project object */ = {
			isa = PBXProject;
			attributes = {
				LastSwiftUpdateCheck = 1160;
				LastUpgradeCheck = 1160;
				ORGANIZATIONNAME = jaeyong;
				TargetAttributes = {
					D49A79AC24F8E0DA0021213B = {
						CreatedOnToolsVersion = 11.6;
					};
				};
			};
			buildConfigurationList = D49A79A824F8E0DA0021213B /* Build configuration list for PBXProject "Landmarks" */;
			compatibilityVersion = "Xcode 9.3";
			developmentRegion = en;
			hasScannedForEncodings = 0;
			knownRegions = (
				en,
				Base,
			);
			mainGroup = D49A79A424F8E0DA0021213B;
			productRefGroup = D49A79AE24F8E0DA0021213B /* Products */;
			projectDirPath = "";
			projectRoot = "";
			targets = (
				D49A79AC24F8E0DA0021213B /* Landmarks */,
			);
		};
/* End PBXProject section */

/* Begin PBXResourcesBuildPhase section */
		D49A79AB24F8E0DA0021213B /* Resources */ = {
			isa = PBXResourcesBuildPhase;
			buildActionMask = 2147483647;
			files = (
				D49A79BD24F8E0DB0021213B /* LaunchScreen.storyboard in Resources */,
				D49A79BA24F8E0DB0021213B /* Preview Assets.xcassets in Resources */,
				D423B70C2513711F00371097 /* hikeData.json in Resources */,
				D49A79B724F8E0DB0021213B /* Assets.xcassets in Resources */,
				D4E7F21E2500FC0D00BADFB2 /* silversalmoncreek.jpg in Resources */,
				D4E7F21C2500FC0D00BADFB2 /* charleyrivers.jpg in Resources */,
				D4E7F2252500FC0D00BADFB2 /* chincoteague.jpg in Resources */,
				D4E7F2262500FC0D00BADFB2 /* stmarylake.jpg in Resources */,
				D4E7F2242500FC0D00BADFB2 /* landmarkData.json in Resources */,
				D4E7F21F2500FC0D00BADFB2 /* icybay.jpg in Resources */,
				D4E7F2222500FC0D00BADFB2 /* twinlake.jpg in Resources */,
				D4E7F2202500FC0D00BADFB2 /* lakemcdonald.jpg in Resources */,
				D4E7F2212500FC0D00BADFB2 /* hiddenlake.jpg in Resources */,
				D4E7F2232500FC0D00BADFB2 /* umbagog.jpg in Resources */,
				D4E7F2282500FC0D00BADFB2 /* rainbowlake.jpg in Resources */,
				D4E7F2272500FC0D00BADFB2 /* chilkoottrail.jpg in Resources */,
				D4E7F21D2500FC0D00BADFB2 /* turtlerock.jpg in Resources */,
			);
			runOnlyForDeploymentPostprocessing = 0;
		};
/* End PBXResourcesBuildPhase section */

/* Begin PBXSourcesBuildPhase section */
		D49A79A924F8E0DA0021213B /* Sources */ = {
			isa = PBXSourcesBuildPhase;
			buildActionMask = 2147483647;
			files = (
				D4048CC2251B2EF300573B51 /* CategoryRow.swift in Sources */,
				D423B7112513720C00371097 /* Hike.swift in Sources */,
				D423B7132513722000371097 /* HikeGraph.swift in Sources */,
				D48E0872250A324600FDAA39 /* HexagonParameters.swift in Sources */,
				D4D1BD6024F8F45900599256 /* Landmark.swift in Sources */,
				D4D1BD6C24F8FFE900599256 /* CircleImage.swift in Sources */,
				D49A79B124F8E0DA0021213B /* AppDelegate.swift in Sources */,
				D4D1BD5F24F8F45900599256 /* Data.swift in Sources */,
				D423B7152513723300371097 /* HikeDetail.swift in Sources */,
				D4D1BD6524F8F8CE00599256 /* LandmarkList.swift in Sources */,
				D49A79B324F8E0DA0021213B /* SceneDelegate.swift in Sources */,
				D4D3DA27250A3C160095E7E4 /* BadgeSymbol.swift in Sources */,
				D4D3DA29250A3D8D0095E7E4 /* RotatedBadgeSymbol.swift in Sources */,
				D4D3DA23250A3B300095E7E4 /* BadgeBackground.swift in Sources */,
				D4048CBE251B22AF00573B51 /* Home.swift in Sources */,
				D423B7172513724100371097 /* HikeView.swift in Sources */,
				D4D1BD6B24F8FFE900599256 /* LandmarkRow.swift in Sources */,
				D4D1BD6D24F8FFE900599256 /* MapView.swift in Sources */,
				D423B70F251371F300371097 /* GraphCapsule.swift in Sources */,
				D420A005250106040083616B /* UserData.swift in Sources */,
				D4D3DA25250A3BED0095E7E4 /* Badge.swift in Sources */,
				D49A79B524F8E0DA0021213B /* LandmarkDetail.swift in Sources */,
			);
			runOnlyForDeploymentPostprocessing = 0;
		};
/* End PBXSourcesBuildPhase section */

/* Begin PBXVariantGroup section */
		D49A79BB24F8E0DB0021213B /* LaunchScreen.storyboard */ = {
			isa = PBXVariantGroup;
			children = (
				D49A79BC24F8E0DB0021213B /* Base */,
			);
			name = LaunchScreen.storyboard;
			sourceTree = "<group>";
		};
/* End PBXVariantGroup section */

/* Begin XCBuildConfiguration section */
		D49A79BF24F8E0DB0021213B /* Debug */ = {
			isa = XCBuildConfiguration;
			buildSettings = {
				ALWAYS_SEARCH_USER_PATHS = NO;
				CLANG_ANALYZER_NONNULL = YES;
				CLANG_ANALYZER_NUMBER_OBJECT_CONVERSION = YES_AGGRESSIVE;
				CLANG_CXX_LANGUAGE_STANDARD = "gnu++14";
				CLANG_CXX_LIBRARY = "libc++";
				CLANG_ENABLE_MODULES = YES;
				CLANG_ENABLE_OBJC_ARC = YES;
				CLANG_ENABLE_OBJC_WEAK = YES;
				CLANG_WARN_BLOCK_CAPTURE_AUTORELEASING = YES;
				CLANG_WARN_BOOL_CONVERSION = YES;
				CLANG_WARN_COMMA = YES;
				CLANG_WARN_CONSTANT_CONVERSION = YES;
				CLANG_WARN_DEPRECATED_OBJC_IMPLEMENTATIONS = YES;
				CLANG_WARN_DIRECT_OBJC_ISA_USAGE = YES_ERROR;
				CLANG_WARN_DOCUMENTATION_COMMENTS = YES;
				CLANG_WARN_EMPTY_BODY = YES;
				CLANG_WARN_ENUM_CONVERSION = YES;
				CLANG_WARN_INFINITE_RECURSION = YES;
				CLANG_WARN_INT_CONVERSION = YES;
				CLANG_WARN_NON_LITERAL_NULL_CONVERSION = YES;
				CLANG_WARN_OBJC_IMPLICIT_RETAIN_SELF = YES;
				CLANG_WARN_OBJC_LITERAL_CONVERSION = YES;
				CLANG_WARN_OBJC_ROOT_CLASS = YES_ERROR;
				CLANG_WARN_RANGE_LOOP_ANALYSIS = YES;
				CLANG_WARN_STRICT_PROTOTYPES = YES;
				CLANG_WARN_SUSPICIOUS_MOVE = YES;
				CLANG_WARN_UNGUARDED_AVAILABILITY = YES_AGGRESSIVE;
				CLANG_WARN_UNREACHABLE_CODE = YES;
				CLANG_WARN__DUPLICATE_METHOD_MATCH = YES;
				COPY_PHASE_STRIP = NO;
				DEBUG_INFORMATION_FORMAT = dwarf;
				ENABLE_STRICT_OBJC_MSGSEND = YES;
				ENABLE_TESTABILITY = YES;
				GCC_C_LANGUAGE_STANDARD = gnu11;
				GCC_DYNAMIC_NO_PIC = NO;
				GCC_NO_COMMON_BLOCKS = YES;
				GCC_OPTIMIZATION_LEVEL = 0;
				GCC_PREPROCESSOR_DEFINITIONS = (
					"DEBUG=1",
					"$(inherited)",
				);
				GCC_WARN_64_TO_32_BIT_CONVERSION = YES;
				GCC_WARN_ABOUT_RETURN_TYPE = YES_ERROR;
				GCC_WARN_UNDECLARED_SELECTOR = YES;
				GCC_WARN_UNINITIALIZED_AUTOS = YES_AGGRESSIVE;
				GCC_WARN_UNUSED_FUNCTION = YES;
				GCC_WARN_UNUSED_VARIABLE = YES;
				IPHONEOS_DEPLOYMENT_TARGET = 13.6;
				MTL_ENABLE_DEBUG_INFO = INCLUDE_SOURCE;
				MTL_FAST_MATH = YES;
				ONLY_ACTIVE_ARCH = YES;
				SDKROOT = iphoneos;
				SWIFT_ACTIVE_COMPILATION_CONDITIONS = DEBUG;
				SWIFT_OPTIMIZATION_LEVEL = "-Onone";
			};
			name = Debug;
		};
		D49A79C024F8E0DB0021213B /* Release */ = {
			isa = XCBuildConfiguration;
			buildSettings = {
				ALWAYS_SEARCH_USER_PATHS = NO;
				CLANG_ANALYZER_NONNULL = YES;
				CLANG_ANALYZER_NUMBER_OBJECT_CONVERSION = YES_AGGRESSIVE;
				CLANG_CXX_LANGUAGE_STANDARD = "gnu++14";
				CLANG_CXX_LIBRARY = "libc++";
				CLANG_ENABLE_MODULES = YES;
				CLANG_ENABLE_OBJC_ARC = YES;
				CLANG_ENABLE_OBJC_WEAK = YES;
				CLANG_WARN_BLOCK_CAPTURE_AUTORELEASING = YES;
				CLANG_WARN_BOOL_CONVERSION = YES;
				CLANG_WARN_COMMA = YES;
				CLANG_WARN_CONSTANT_CONVERSION = YES;
				CLANG_WARN_DEPRECATED_OBJC_IMPLEMENTATIONS = YES;
				CLANG_WARN_DIRECT_OBJC_ISA_USAGE = YES_ERROR;
				CLANG_WARN_DOCUMENTATION_COMMENTS = YES;
				CLANG_WARN_EMPTY_BODY = YES;
				CLANG_WARN_ENUM_CONVERSION = YES;
				CLANG_WARN_INFINITE_RECURSION = YES;
				CLANG_WARN_INT_CONVERSION = YES;
				CLANG_WARN_NON_LITERAL_NULL_CONVERSION = YES;
				CLANG_WARN_OBJC_IMPLICIT_RETAIN_SELF = YES;
				CLANG_WARN_OBJC_LITERAL_CONVERSION = YES;
				CLANG_WARN_OBJC_ROOT_CLASS = YES_ERROR;
				CLANG_WARN_RANGE_LOOP_ANALYSIS = YES;
				CLANG_WARN_STRICT_PROTOTYPES = YES;
				CLANG_WARN_SUSPICIOUS_MOVE = YES;
				CLANG_WARN_UNGUARDED_AVAILABILITY = YES_AGGRESSIVE;
				CLANG_WARN_UNREACHABLE_CODE = YES;
				CLANG_WARN__DUPLICATE_METHOD_MATCH = YES;
				COPY_PHASE_STRIP = NO;
				DEBUG_INFORMATION_FORMAT = "dwarf-with-dsym";
				ENABLE_NS_ASSERTIONS = NO;
				ENABLE_STRICT_OBJC_MSGSEND = YES;
				GCC_C_LANGUAGE_STANDARD = gnu11;
				GCC_NO_COMMON_BLOCKS = YES;
				GCC_WARN_64_TO_32_BIT_CONVERSION = YES;
				GCC_WARN_ABOUT_RETURN_TYPE = YES_ERROR;
				GCC_WARN_UNDECLARED_SELECTOR = YES;
				GCC_WARN_UNINITIALIZED_AUTOS = YES_AGGRESSIVE;
				GCC_WARN_UNUSED_FUNCTION = YES;
				GCC_WARN_UNUSED_VARIABLE = YES;
				IPHONEOS_DEPLOYMENT_TARGET = 13.6;
				MTL_ENABLE_DEBUG_INFO = NO;
				MTL_FAST_MATH = YES;
				SDKROOT = iphoneos;
				SWIFT_COMPILATION_MODE = wholemodule;
				SWIFT_OPTIMIZATION_LEVEL = "-O";
				VALIDATE_PRODUCT = YES;
			};
			name = Release;
		};
		D49A79C224F8E0DB0021213B /* Debug */ = {
			isa = XCBuildConfiguration;
			buildSettings = {
				ASSETCATALOG_COMPILER_APPICON_NAME = AppIcon;
				CODE_SIGN_STYLE = Automatic;
				DEVELOPMENT_ASSET_PATHS = "\"Landmarks/Preview Content\"";
				DEVELOPMENT_TEAM = TZVHD77BLL;
				ENABLE_PREVIEWS = YES;
				INFOPLIST_FILE = Landmarks/Info.plist;
				LD_RUNPATH_SEARCH_PATHS = (
					"$(inherited)",
					"@executable_path/Frameworks",
				);
				PRODUCT_BUNDLE_IDENTIFIER = com.jaeyong.Landmarks;
				PRODUCT_NAME = "$(TARGET_NAME)";
				SWIFT_VERSION = 5.0;
				TARGETED_DEVICE_FAMILY = "1,2";
			};
			name = Debug;
		};
		D49A79C324F8E0DB0021213B /* Release */ = {
			isa = XCBuildConfiguration;
			buildSettings = {
				ASSETCATALOG_COMPILER_APPICON_NAME = AppIcon;
				CODE_SIGN_STYLE = Automatic;
				DEVELOPMENT_ASSET_PATHS = "\"Landmarks/Preview Content\"";
				DEVELOPMENT_TEAM = TZVHD77BLL;
				ENABLE_PREVIEWS = YES;
				INFOPLIST_FILE = Landmarks/Info.plist;
				LD_RUNPATH_SEARCH_PATHS = (
					"$(inherited)",
					"@executable_path/Frameworks",
				);
				PRODUCT_BUNDLE_IDENTIFIER = com.jaeyong.Landmarks;
				PRODUCT_NAME = "$(TARGET_NAME)";
				SWIFT_VERSION = 5.0;
				TARGETED_DEVICE_FAMILY = "1,2";
			};
			name = Release;
		};
/* End XCBuildConfiguration section */

/* Begin XCConfigurationList section */
		D49A79A824F8E0DA0021213B /* Build configuration list for PBXProject "Landmarks" */ = {
			isa = XCConfigurationList;
			buildConfigurations = (
				D49A79BF24F8E0DB0021213B /* Debug */,
				D49A79C024F8E0DB0021213B /* Release */,
			);
			defaultConfigurationIsVisible = 0;
			defaultConfigurationName = Release;
		};
		D49A79C124F8E0DB0021213B /* Build configuration list for PBXNativeTarget "Landmarks" */ = {
			isa = XCConfigurationList;
			buildConfigurations = (
				D49A79C224F8E0DB0021213B /* Debug */,
				D49A79C324F8E0DB0021213B /* Release */,
			);
			defaultConfigurationIsVisible = 0;
			defaultConfigurationName = Release;
		};
/* End XCConfigurationList section */
	};
	rootObject = D49A79A524F8E0DA0021213B /* Project object */;
}
